
Microsoft Visual Studio Solution File, Format Version 12.00
# Visual Studio Version 17
VisualStudioVersion = 17.4.33110.190
MinimumVisualStudioVersion = 10.0.40219.1
Project("{FAE04EC0-301F-11D3-BF4B-00C04F79EFBC}") = "WpfApp1", "WpfApp1.csproj", "{A9BB14A7-D957-4F1C-B36C-3BDD4DA7ED9C}"
EndProject
Global
	GlobalSection(SolutionConfigurationPlatforms) = preSolution
		Debug|Any CPU = Debug|Any CPU
		Release|Any CPU = Release|Any CPU
	EndGlobalSection
	GlobalSection(ProjectConfigurationPlatforms) = postSolution
		{A9BB14A7-D957-4F1C-B36C-3BDD4DA7ED9C}.Debug|Any CPU.ActiveCfg = Debug|Any CPU
		{A9BB14A7-D957-4F1C-B36C-3BDD4DA7ED9C}.Debug|Any CPU.Build.0 = Debug|Any CPU
		{A9BB14A7-D957-4F1C-B36C-3BDD4DA7ED9C}.Release|Any CPU.ActiveCfg = Release|Any CPU
		{A9BB14A7-D957-4F1C-B36C-3BDD4DA7ED9C}.Release|Any CPU.Build.0 = Release|Any CPU
	EndGlobalSection
	GlobalSection(SolutionProperties) = preSolution
		HideSolutionNode = FALSE
	EndGlobalSection
	GlobalSection(ExtensibilityGlobals) = postSolution
		SolutionGuid = {7637EA66-2286-4933-9A09-6D09B576457A}
	EndGlobalSection
EndGlobal
